PODS:
  - Flutter (1.0.0)
  - integration_test (0.0.1):
    - Flutter
  - uni_applet (0.0.1):
    - Flutter

DEPENDENCIES:
  - Flutter (from `Flutter`)
  - integration_test (from `.symlinks/plugins/integration_test/ios`)
  - uni_applet (from `.symlinks/plugins/uni_applet/ios`)

EXTERNAL SOURCES:
  Flutter:
    :path: Flutter
  integration_test:
    :path: ".symlinks/plugins/integration_test/ios"
  uni_applet:
    :path: ".symlinks/plugins/uni_applet/ios"

SPEC CHECKSUMS:
  Flutter: f04841e97a9d0b0a8025694d0796dd46242b2854
  integration_test: a1e7d09bd98eca2fc37aefd79d4f41ad37bdbbe5
  uni_applet: ab86060599fd60753cf0ec6d263a3b44c3a6018c

PODFILE CHECKSUM: 7be2f5f74864d463a8ad433546ed1de7e0f29aef

COCOAPODS: 1.14.2
